
Microsoft Visual Studio Solution File, Format Version 12.00
# Visual Studio Version 17
VisualStudioVersion = 17.8.34511.84
MinimumVisualStudioVersion = 10.0.40219.1
Project("{FAE04EC0-301F-11D3-BF4B-00C04F79EFBC}") = "Etüt_sınıf", "Etüt_sınıf\Etüt_sınıf.csproj", "{87B2101B-A0FB-4CA6-AF00-712AFF0E21A6}"
EndProject
Global
	GlobalSection(SolutionConfigurationPlatforms) = preSolution
		Debug|Any CPU = Debug|Any CPU
		Release|Any CPU = Release|Any CPU
	EndGlobalSection
	GlobalSection(ProjectConfigurationPlatforms) = postSolution
		{87B2101B-A0FB-4CA6-AF00-712AFF0E21A6}.Debug|Any CPU.ActiveCfg = Debug|Any CPU
		{87B2101B-A0FB-4CA6-AF00-712AFF0E21A6}.Debug|Any CPU.Build.0 = Debug|Any CPU
		{87B2101B-A0FB-4CA6-AF00-712AFF0E21A6}.Release|Any CPU.ActiveCfg = Release|Any CPU
		{87B2101B-A0FB-4CA6-AF00-712AFF0E21A6}.Release|Any CPU.Build.0 = Release|Any CPU
	EndGlobalSection
	GlobalSection(SolutionProperties) = preSolution
		HideSolutionNode = FALSE
	EndGlobalSection
	GlobalSection(ExtensibilityGlobals) = postSolution
		SolutionGuid = {36F1B6E3-1A48-4C75-8D13-E9B6943E5BAD}
	EndGlobalSection
EndGlobal
